<?xml version="1.0" encoding="utf-8"?>
<Project ToolsVersion="4.0" xmlns="http://schemas.microsoft.com/developer/msbuild/2003">
  <ItemGroup>
    <Filter Include="Source Files">
      <UniqueIdentifier>{4FC737F1-C7A5-4376-A066-2A32D752A2FF}</UniqueIdentifier>
      <Extensions>cpp;c;cc;cxx;def;odl;idl;hpj;bat;asm;asmx</Extensions>
    </Filter>
    <Filter Include="Header Files">
      <UniqueIdentifier>{93995380-89BD-4b04-88EB-625FBE52EBFB}</UniqueIdentifier>
      <Extensions>h;hh;hpp;hxx;hm;inl;inc;xsd</Extensions>
    </Filter>
    <Filter Include="Resource Files">
      <UniqueIdentifier>{67DA6AB6-F800-4c08-8B7A-83BB121AAD01}</UniqueIdentifier>
      <Extensions>rc;ico;cur;bmp;dlg;rc2;rct;bin;rgs;gif;jpg;jpeg;jpe;resx;tiff;tif;png;wav;mfcribbon-ms</Extensions>
    </Filter>
  </ItemGroup>
  <ItemGroup>
    <ClInclude Include="dsp.h">
      <Filter>Header Files</Filter>
    </ClInclude>
    <ClInclude Include="kibblesmath.h">
      <Filter>Header Files</Filter>
    </ClInclude>
    <ClInclude Include="render.h">
      <Filter>Header Files</Filter>
    </ClInclude>
    <ClInclude Include="scene.h">
      <Filter>Header Files</Filter>
    </ClInclude>
    <ClInclude Include="shader.h">
      <Filter>Header Files</Filter>
    </ClInclude>
    <ClInclude Include="winderps.h">
      <Filter>Header Files</Filter>
    </ClInclude>
    <ClInclude Include="cpudraw.h">
      <Filter>Header Files</Filter>
    </ClInclude>
    <ClInclude Include="rectExt.h">
      <Filter>Header Files</Filter>
    </ClInclude>
    <ClInclude Include="sandbox.h">
      <Filter>Header Files</Filter>
    </ClInclude>
    <ClInclude Include="ext\i_tracker.h">
      <Filter>Header Files</Filter>
    </ClInclude>
    <ClInclude Include="dev\i_Camera.h">
      <Filter>Header Files</Filter>
    </ClInclude>
    <ClInclude Include="app\i_SceneObj.h">
      <Filter>Header Files</Filter>
    </ClInclude>
    <ClInclude Include="tracking.h">
      <Filter>Header Files</Filter>
    </ClInclude>
    <ClInclude Include="app\behavior.h">
      <Filter>Header Files</Filter>
    </ClInclude>
    <ClInclude Include="dewarp.hpp">
      <Filter>Header Files</Filter>
    </ClInclude>
    <ClInclude Include="module.hpp">
      <Filter>Header Files</Filter>
    </ClInclude>
    <ClInclude Include="experiments\dans.h">
      <Filter>Header Files</Filter>
    </ClInclude>
    <ClInclude Include="experiments\readpatt.h">
      <Filter>Header Files</Filter>
    </ClInclude>
    <ClInclude Include="experiments\testUI.h">
      <Filter>Header Files</Filter>
    </ClInclude>
    <ClInclude Include="experiments\planeDetection.h">
      <Filter>Header Files</Filter>
    </ClInclude>
    <ClInclude Include="experiments\SLAM.h">
      <Filter>Header Files</Filter>
    </ClInclude>
    <ClInclude Include="experiments\parallaxSFM.h">
      <Filter>Header Files</Filter>
    </ClInclude>
    <ClInclude Include="experiments\ibl.h">
      <Filter>Header Files</Filter>
    </ClInclude>
    <ClInclude Include="experiments\depthCalib.h">
      <Filter>Header Files</Filter>
    </ClInclude>
    <ClInclude Include="experiments\recon.h">
      <Filter>Header Files</Filter>
    </ClInclude>
    <ClInclude Include="experiments\CoSLAM.h">
      <Filter>Header Files</Filter>
    </ClInclude>
    <ClInclude Include="experiments\knft.h">
      <Filter>Header Files</Filter>
    </ClInclude>
    <ClInclude Include="experiments\freespace.h">
      <Filter>Header Files</Filter>
    </ClInclude>
    <ClInclude Include="experiments\reprojection.h">
      <Filter>Header Files</Filter>
    </ClInclude>
    <ClInclude Include="experiments\neural.h">
      <Filter>Header Files</Filter>
    </ClInclude>
    <ClInclude Include="experiments\netclient.h">
      <Filter>Header Files</Filter>
    </ClInclude>
    <ClInclude Include="app\i_ocfb.h">
      <Filter>Header Files</Filter>
    </ClInclude>
  </ItemGroup>
  <ItemGroup>
    <ClCompile Include="main.cpp">
      <Filter>Source Files</Filter>
    </ClCompile>
    <ClCompile Include="dsp.cpp">
      <Filter>Source Files</Filter>
    </ClCompile>
    <ClCompile Include="render.cpp">
      <Filter>Source Files</Filter>
    </ClCompile>
    <ClCompile Include="scene.cpp">
      <Filter>Source Files</Filter>
    </ClCompile>
    <ClCompile Include="shader.cpp">
      <Filter>Source Files</Filter>
    </ClCompile>
    <ClCompile Include="winderps.cpp">
      <Filter>Source Files</Filter>
    </ClCompile>
    <ClCompile Include="sandbox.cpp">
      <Filter>Source Files</Filter>
    </ClCompile>
    <ClCompile Include="tracking.cpp">
      <Filter>Source Files</Filter>
    </ClCompile>
    <ClCompile Include="experiments\dans.cpp">
      <Filter>Source Files</Filter>
    </ClCompile>
    <ClCompile Include="experiments\planeDetection.cpp">
      <Filter>Source Files</Filter>
    </ClCompile>
    <ClCompile Include="experiments\parallaxSFM.cpp">
      <Filter>Source Files</Filter>
    </ClCompile>
    <ClCompile Include="experiments\SLAM.cpp">
      <Filter>Source Files</Filter>
    </ClCompile>
    <ClCompile Include="experiments\ibl.cpp">
      <Filter>Source Files</Filter>
    </ClCompile>
    <ClCompile Include="experiments\depthCalib.cpp">
      <Filter>Source Files</Filter>
    </ClCompile>
    <ClCompile Include="experiments\recon.cpp">
      <Filter>Source Files</Filter>
    </ClCompile>
    <ClCompile Include="experiments\CoSLAM.cpp">
      <Filter>Source Files</Filter>
    </ClCompile>
    <ClCompile Include="experiments\knft.cpp">
      <Filter>Source Files</Filter>
    </ClCompile>
    <ClCompile Include="experiments\freespace.cpp">
      <Filter>Source Files</Filter>
    </ClCompile>
    <ClCompile Include="experiments\reprojection.cpp">
      <Filter>Source Files</Filter>
    </ClCompile>
    <ClCompile Include="experiments\neural.cpp">
      <Filter>Source Files</Filter>
    </ClCompile>
    <ClCompile Include="experiments\netclient.cpp">
      <Filter>Source Files</Filter>
    </ClCompile>
    <ClCompile Include="app\i_ocfb.cpp">
      <Filter>Source Files</Filter>
    </ClCompile>
  </ItemGroup>
</Project>